--- 
dependencies: 
  spork: 
    group: 
    - :test
    version: ">= 0"
  ruby-debug: 
    group: 
    - :test
    version: ">= 0"
  rails: 
    group: 
    - :default
    version: = 3.0.0.beta4
  sqlite3-ruby: 
    group: 
    - :default
    version: ">= 0"
    require: 
    - sqlite3
  machinist: 
    group: 
    - :test
    version: ">= 0"
  autotest: 
    group: 
    - :test
    version: ">= 0"
  forgery: 
    group: 
    - :test
    version: ">= 0"
  rspec: 
    group: 
    - :test
    version: ">= 2.0.0.beta.12"
  database_cleaner: 
    group: 
    - :test
    version: ">= 0"
  rspec-rails: 
    group: 
    - :test
    version: ">= 2.0.0.beta.12"
  formtastic: 
    group: 
    - :default
    version: ">= 0"
  mocha: 
    group: 
    - :test
    version: ">= 0"
  jasmine: 
    group: 
    - :test
    version: ">= 0"
  rcov: 
    group: 
    - :test
    version: ">= 0"
  paperclip: 
    group: 
    - :default
    version: ">= 2.3.3"
  devise: 
    group: 
    - :default
    version: ">= 1.1rc2"
  will_paginate: 
    group: 
    - :default
    version: = 3.0.pre
  cucumber-rails: 
    group: 
    - :test
    version: ">= 0.3.2"
  cucumber: 
    group: 
    - :test
    version: ">= 0"
  capybara: 
    group: 
    - :test
    version: ">= 0.3.8"
  autotest-rails: 
    group: 
    - :test
    version: ">= 0"
  capistrano: 
    group: 
    - :development
    version: ">= 0"
  launchy: 
    group: 
    - :test
    version: ">= 0"
specs: 
- rake: 
    version: 0.8.7
- ZenTest: 
    version: 4.3.3
- abstract: 
    version: 1.0.0
- activesupport: 
    version: 3.0.0.beta4
- builder: 
    version: 2.1.2
- i18n: 
    version: 0.4.1
- activemodel: 
    version: 3.0.0.beta4
- erubis: 
    version: 2.6.6
- rack: 
    version: 1.1.0
- rack-mount: 
    version: 0.6.7
- rack-test: 
    version: 0.5.4
- tzinfo: 
    version: 0.3.22
- actionpack: 
    version: 3.0.0.beta4
- mime-types: 
    version: "1.16"
- polyglot: 
    version: 0.3.1
- treetop: 
    version: 1.4.8
- mail: 
    version: 2.2.5
- actionmailer: 
    version: 3.0.0.beta4
- arel: 
    version: 0.4.0
- activerecord: 
    version: 3.0.0.beta4
- activeresource: 
    version: 3.0.0.beta4
- autotest: 
    version: 4.3.2
- autotest-rails: 
    version: 4.1.0
- bcrypt-ruby: 
    version: 2.1.2
- bundler: 
    version: 0.9.26
- highline: 
    version: 1.5.2
- net-ssh: 
    version: 2.0.23
- net-scp: 
    version: 1.0.2
- net-sftp: 
    version: 2.0.4
- net-ssh-gateway: 
    version: 1.0.1
- capistrano: 
    version: 2.5.19
- culerity: 
    version: 0.2.10
- nokogiri: 
    version: 1.4.2
- ffi: 
    version: 0.6.3
- json_pure: 
    version: 1.4.3
- selenium-webdriver: 
    version: 0.0.24
- capybara: 
    version: 0.3.9
- columnize: 
    version: 0.3.1
- configuration: 
    version: 1.1.0
- diff-lcs: 
    version: 1.1.2
- trollop: 
    version: 1.16.2
- gherkin: 
    version: 2.0.2
- term-ansicolor: 
    version: 1.0.5
- cucumber: 
    version: 0.8.3
- cucumber-rails: 
    version: 0.3.2
- database_cleaner: 
    version: 0.5.2
- warden: 
    version: 0.10.7
- devise: 
    version: 1.1.rc2
- forgery: 
    version: 0.3.4
- formtastic: 
    version: 1.0.0.beta
    source: 0
- rspec-core: 
    version: 2.0.0.beta.17
- rspec-expectations: 
    version: 2.0.0.beta.17
- rspec-mocks: 
    version: 2.0.0.beta.17
- rspec: 
    version: 2.0.0.beta.17
- selenium-client: 
    version: 1.2.18
- selenium-rc: 
    version: 2.2.4
- jasmine: 
    version: 0.11.1.0
- launchy: 
    version: 0.3.5
- linecache: 
    version: "0.43"
- machinist: 
    version: 1.0.6
- mocha: 
    version: 0.9.8
- paperclip: 
    version: 2.3.3
- thor: 
    version: 0.13.7
- railties: 
    version: 3.0.0.beta4
- rails: 
    version: 3.0.0.beta4
- rcov: 
    version: 0.9.8
- webrat: 
    version: 0.7.1
- rspec-rails: 
    version: 2.0.0.beta.17
- ruby-debug-base: 
    version: 0.10.3
- ruby-debug: 
    version: 0.10.3
- spork: 
    version: 0.8.4
- sqlite3-ruby: 
    version: 1.3.1
- will_paginate: 
    version: 3.0.pre
hash: b1216b0a722143965b34074460c200ba23296639
sources: 
- Git: 
    uri: git://github.com/justinfrench/formtastic.git
    branch: rails3
    git: git://github.com/justinfrench/formtastic.git
    ref: 7ba805195bdf6422197829a1c509aa207b81da0a
- Rubygems: 
    uri: http://gemcutter.org
